
Microsoft Visual Studio Solution File, Format Version 12.00
# Visual Studio Version 17
VisualStudioVersion = 17.10.35122.118
MinimumVisualStudioVersion = 10.0.40219.1
Project("{FAE04EC0-301F-11D3-BF4B-00C04F79EFBC}") = "CriptografarArquivos", "CriptografarArquivos\CriptografarArquivos.csproj", "{661FD5A9-1CA0-4947-BB55-A755CEA5FC17}"
EndProject
Global
	GlobalSection(SolutionConfigurationPlatforms) = preSolution
		Debug|Any CPU = Debug|Any CPU
		Release|Any CPU = Release|Any CPU
	EndGlobalSection
	GlobalSection(ProjectConfigurationPlatforms) = postSolution
		{661FD5A9-1CA0-4947-BB55-A755CEA5FC17}.Debug|Any CPU.ActiveCfg = Debug|Any CPU
		{661FD5A9-1CA0-4947-BB55-A755CEA5FC17}.Debug|Any CPU.Build.0 = Debug|Any CPU
		{661FD5A9-1CA0-4947-BB55-A755CEA5FC17}.Release|Any CPU.ActiveCfg = Release|Any CPU
		{661FD5A9-1CA0-4947-BB55-A755CEA5FC17}.Release|Any CPU.Build.0 = Release|Any CPU
	EndGlobalSection
	GlobalSection(SolutionProperties) = preSolution
		HideSolutionNode = FALSE
	EndGlobalSection
	GlobalSection(ExtensibilityGlobals) = postSolution
		SolutionGuid = {F5A47BBC-CEE1-4971-88C5-342BB47F4A29}
	EndGlobalSection
EndGlobal
